
Microsoft Visual Studio Solution File, Format Version 12.00
# Visual Studio Version 16
VisualStudioVersion = 16.0.30320.27
MinimumVisualStudioVersion = 10.0.40219.1
Project("{FAE04EC0-301F-11D3-BF4B-00C04F79EFBC}") = "myazuretest", "myazuretest\myazuretest.csproj", "{415C86AB-B12D-4A70-A8E6-376B774F5D73}"
EndProject
Global
	GlobalSection(SolutionConfigurationPlatforms) = preSolution
		Debug|Any CPU = Debug|Any CPU
		Release|Any CPU = Release|Any CPU
	EndGlobalSection
	GlobalSection(ProjectConfigurationPlatforms) = postSolution
		{415C86AB-B12D-4A70-A8E6-376B774F5D73}.Debug|Any CPU.ActiveCfg = Debug|Any CPU
		{415C86AB-B12D-4A70-A8E6-376B774F5D73}.Debug|Any CPU.Build.0 = Debug|Any CPU
		{415C86AB-B12D-4A70-A8E6-376B774F5D73}.Release|Any CPU.ActiveCfg = Release|Any CPU
		{415C86AB-B12D-4A70-A8E6-376B774F5D73}.Release|Any CPU.Build.0 = Release|Any CPU
	EndGlobalSection
	GlobalSection(SolutionProperties) = preSolution
		HideSolutionNode = FALSE
	EndGlobalSection
	GlobalSection(ExtensibilityGlobals) = postSolution
		SolutionGuid = {6AE518C1-258E-4D16-B575-44EC0D69AF7B}
	EndGlobalSection
EndGlobal
